<?xml version="1.0" encoding="UTF-8"?>
<CONFIG>
  <ProjectOptions>
    <Version Value="12"/>
    <PathDelim Value="\"/>
    <General>
      <Flags>
        <CompatibilityMode Value="True"/>
      </Flags>
      <SessionStorage Value="InProjectDir"/>
      <Title Value="FrameworkTester"/>
      <ResourceType Value="res"/>
      <UseXPManifest Value="True"/>
    </General>
    <i18n>
      <EnableI18N LFM="False"/>
    </i18n>
    <BuildModes Count="1">
      <Item1 Name="Default" Default="True"/>
    </BuildModes>
    <PublishOptions>
      <Version Value="2"/>
    </PublishOptions>
    <RunParams>
      <FormatVersion Value="2"/>
      <Modes Count="1">
        <Mode0 Name="default"/>
      </Modes>
    </RunParams>
    <RequiredPackages Count="1">
      <Item1>
        <PackageName Value="LCL"/>
      </Item1>
    </RequiredPackages>
    <Units Count="22">
      <Unit0>
        <Filename Value="FrameworkTester.lpr"/>
        <IsPartOfProject Value="True"/>
        <UnitName Value="PascalWizard"/>
      </Unit0>
      <Unit1>
        <Filename Value="UFRMMain.pas"/>
        <IsPartOfProject Value="True"/>
        <ComponentName Value="FRMMain"/>
        <HasResources Value="True"/>
        <ResourceBaseClass Value="Form"/>
      </Unit1>
      <Unit2>
        <Filename Value="UWIZName_Step1.pas"/>
        <IsPartOfProject Value="True"/>
        <ComponentName Value="WIZName_Step1"/>
        <HasResources Value="True"/>
        <ResourceBaseClass Value="Form"/>
      </Unit2>
      <Unit3>
        <Filename Value="UWIZName_Step2.pas"/>
        <IsPartOfProject Value="True"/>
        <ComponentName Value="WIZName_Step2"/>
        <HasResources Value="True"/>
        <ResourceBaseClass Value="Form"/>
      </Unit3>
      <Unit4>
        <Filename Value="UFRMWorkArea.pas"/>
        <IsPartOfProject Value="True"/>
        <ComponentName Value="FRMWorkArea"/>
        <HasResources Value="True"/>
        <ResourceBaseClass Value="Form"/>
      </Unit4>
      <Unit5>
        <Filename Value="UFRMNotifyManyTest.pas"/>
        <IsPartOfProject Value="True"/>
        <ComponentName Value="FRMNotifyManyTest"/>
        <HasResources Value="True"/>
        <ResourceBaseClass Value="Form"/>
      </Unit5>
      <Unit6>
        <Filename Value="UWIZName_Step1A.pas"/>
        <IsPartOfProject Value="True"/>
        <ComponentName Value="WIZName_Step1A"/>
        <HasResources Value="True"/>
        <ResourceBaseClass Value="Form"/>
      </Unit6>
      <Unit7>
        <Filename Value="UWIZName_Step1B.pas"/>
        <IsPartOfProject Value="True"/>
        <ComponentName Value="WIZName_Step1B"/>
        <HasResources Value="True"/>
        <ResourceBaseClass Value="Form"/>
      </Unit7>
      <Unit8>
        <Filename Value="..\..\src\Sphere10\UCommon.pas"/>
        <IsPartOfProject Value="True"/>
      </Unit8>
      <Unit9>
        <Filename Value="..\..\src\Sphere10\UVisualGrid.pas"/>
        <IsPartOfProject Value="True"/>
      </Unit9>
      <Unit10>
        <Filename Value="..\..\src\Sphere10\UWizard.pas"/>
        <IsPartOfProject Value="True"/>
        <ComponentName Value="WizardHostForm"/>
        <HasResources Value="True"/>
        <ResourceBaseClass Value="Form"/>
      </Unit10>
      <Unit11>
        <Filename Value="..\..\src\Generics.Collections\generics.collections.pas"/>
        <IsPartOfProject Value="True"/>
        <UnitName Value="Generics.Collections"/>
      </Unit11>
      <Unit12>
        <Filename Value="..\..\src\Generics.Collections\generics.defaults.pas"/>
        <IsPartOfProject Value="True"/>
        <UnitName Value="Generics.Defaults"/>
      </Unit12>
      <Unit13>
        <Filename Value="..\..\src\Generics.Collections\generics.hashes.pas"/>
        <IsPartOfProject Value="True"/>
      </Unit13>
      <Unit14>
        <Filename Value="..\..\src\Generics.Collections\generics.helpers.pas"/>
        <IsPartOfProject Value="True"/>
      </Unit14>
      <Unit15>
        <Filename Value="..\..\src\Generics.Collections\generics.memoryexpanders.pas"/>
        <IsPartOfProject Value="True"/>
      </Unit15>
      <Unit16>
        <Filename Value="..\..\src\Generics.Collections\generics.strings.pas"/>
        <IsPartOfProject Value="True"/>
      </Unit16>
      <Unit17>
        <Filename Value="..\..\src\Sphere10\UCommon.Collections.pas"/>
        <IsPartOfProject Value="True"/>
      </Unit17>
      <Unit18>
        <Filename Value="..\..\src\Sphere10\UCommon.Data.pas"/>
        <IsPartOfProject Value="True"/>
      </Unit18>
      <Unit19>
        <Filename Value="..\..\src\Sphere10\UCommon.UI.pas"/>
        <IsPartOfProject Value="True"/>
      </Unit19>
      <Unit20>
        <Filename Value="USplitterTest.pas"/>
        <IsPartOfProject Value="True"/>
        <ComponentName Value="Form1"/>
        <HasResources Value="True"/>
        <ResourceBaseClass Value="Form"/>
      </Unit20>
      <Unit21>
        <Filename Value="..\..\src\Sphere10\UMemory.pas"/>
        <IsPartOfProject Value="True"/>
      </Unit21>
    </Units>
  </ProjectOptions>
  <CompilerOptions>
    <Version Value="11"/>
    <PathDelim Value="\"/>
    <Target>
      <Filename Value="FrameworkTester"/>
    </Target>
    <SearchPaths>
      <IncludeFiles Value="$(ProjOutDir);..\src\util\generics"/>
      <OtherUnitFiles Value="..\src\util;..\src\util\generics;..\src\form;..\..\src\Sphere10;..\..\src\Generics.Collections"/>
      <UnitOutputDirectory Value="lib\$(TargetCPU)-$(TargetOS)"/>
    </SearchPaths>
    <CodeGeneration>
      <Optimizations>
        <OptimizationLevel Value="2"/>
      </Optimizations>
    </CodeGeneration>
    <Linking>
      <Options>
        <Win32>
          <GraphicApplication Value="True"/>
        </Win32>
      </Options>
    </Linking>
  </CompilerOptions>
  <Debugging>
    <Exceptions Count="3">
      <Item1>
        <Name Value="EAbort"/>
      </Item1>
      <Item2>
        <Name Value="ECodetoolError"/>
      </Item2>
      <Item3>
        <Name Value="EFOpenError"/>
      </Item3>
    </Exceptions>
  </Debugging>
</CONFIG>
